# Auto-generated by charon from pyproject.toml. Do not edit by hand.
# Pins are shared across linux + windows; pip picks the matching wheel.
anyio==4.13.0
certifi==2026.5.20
cffi==2.0.0
colorama==0.4.6
cryptography==48.0.0
h11==0.16.0
httpcore==1.0.9
httpx==0.28.1
idna==3.18
iniconfig==2.3.0
oracledb==4.0.1
packaging==26.2
pluggy==1.6.0
polars==1.41.2
polars-runtime-32==1.41.2
pycparser==3.0
pygments==2.20.0
pytest==9.0.3
typing-extensions==4.15.0
tzdata==2026.2
